
Microsoft Visual Studio Solution File, Format Version 12.00
# Visual Studio Version 17
VisualStudioVersion = 17.8.34525.116
MinimumVisualStudioVersion = 10.0.40219.1
Project("{FAE04EC0-301F-11D3-BF4B-00C04F79EFBC}") = "Workaround", "Workaround\Workaround.csproj", "{8AC5BFDE-CE4F-40D7-8D84-4BCB8A5C51C0}"
EndProject
Project("{FAE04EC0-301F-11D3-BF4B-00C04F79EFBC}") = "Entities", "Entities\Entities.csproj", "{2DC1CD84-8264-4C7D-A1B5-3584CCADD30F}"
EndProject
Project("{FAE04EC0-301F-11D3-BF4B-00C04F79EFBC}") = "Business", "Business\Business.csproj", "{222402F8-26FE-449D-A227-AFBB54D39DD0}"
EndProject
Global
	GlobalSection(SolutionConfigurationPlatforms) = preSolution
		Debug|Any CPU = Debug|Any CPU
		Release|Any CPU = Release|Any CPU
	EndGlobalSection
	GlobalSection(ProjectConfigurationPlatforms) = postSolution
		{8AC5BFDE-CE4F-40D7-8D84-4BCB8A5C51C0}.Debug|Any CPU.ActiveCfg = Debug|Any CPU
		{8AC5BFDE-CE4F-40D7-8D84-4BCB8A5C51C0}.Debug|Any CPU.Build.0 = Debug|Any CPU
		{8AC5BFDE-CE4F-40D7-8D84-4BCB8A5C51C0}.Release|Any CPU.ActiveCfg = Release|Any CPU
		{8AC5BFDE-CE4F-40D7-8D84-4BCB8A5C51C0}.Release|Any CPU.Build.0 = Release|Any CPU
		{2DC1CD84-8264-4C7D-A1B5-3584CCADD30F}.Debug|Any CPU.ActiveCfg = Debug|Any CPU
		{2DC1CD84-8264-4C7D-A1B5-3584CCADD30F}.Debug|Any CPU.Build.0 = Debug|Any CPU
		{2DC1CD84-8264-4C7D-A1B5-3584CCADD30F}.Release|Any CPU.ActiveCfg = Release|Any CPU
		{2DC1CD84-8264-4C7D-A1B5-3584CCADD30F}.Release|Any CPU.Build.0 = Release|Any CPU
		{222402F8-26FE-449D-A227-AFBB54D39DD0}.Debug|Any CPU.ActiveCfg = Debug|Any CPU
		{222402F8-26FE-449D-A227-AFBB54D39DD0}.Debug|Any CPU.Build.0 = Debug|Any CPU
		{222402F8-26FE-449D-A227-AFBB54D39DD0}.Release|Any CPU.ActiveCfg = Release|Any CPU
		{222402F8-26FE-449D-A227-AFBB54D39DD0}.Release|Any CPU.Build.0 = Release|Any CPU
	EndGlobalSection
	GlobalSection(SolutionProperties) = preSolution
		HideSolutionNode = FALSE
	EndGlobalSection
	GlobalSection(ExtensibilityGlobals) = postSolution
		SolutionGuid = {0BF3578E-2882-4070-9A8B-E10A4AC0254F}
	EndGlobalSection
EndGlobal
